
Microsoft Visual Studio Solution File, Format Version 12.00
# Visual Studio Version 16
VisualStudioVersion = 16.0.29519.87
MinimumVisualStudioVersion = 10.0.40219.1
Project("{FAE04EC0-301F-11D3-BF4B-00C04F79EFBC}") = "AppProgramming2.UWP", "AppProgramming2\AppProgramming2.UWP\AppProgramming2.UWP.csproj", "{0FC0E6F6-F4AF-41AC-A0C7-B24563E6836C}"
EndProject
Project("{FAE04EC0-301F-11D3-BF4B-00C04F79EFBC}") = "AppProgramming2.Android", "AppProgramming2\AppProgramming2.Android\AppProgramming2.Android.csproj", "{AD4E47FF-6D69-4A85-A256-F650AACCFC50}"
EndProject
Project("{FAE04EC0-301F-11D3-BF4B-00C04F79EFBC}") = "AppProgramming2.iOS", "AppProgramming2\AppProgramming2.iOS\AppProgramming2.iOS.csproj", "{F17D4F7E-5CDC-4C0B-A4C3-3D2A6C81E9FF}"
EndProject
Project("{FAE04EC0-301F-11D3-BF4B-00C04F79EFBC}") = "AppProgramming2", "AppProgramming2\AppProgramming2\AppProgramming2.csproj", "{8897606D-D914-4E6D-AD7B-F4713F356E7C}"
EndProject
Global
	GlobalSection(SolutionConfigurationPlatforms) = preSolution
		Debug|Any CPU = Debug|Any CPU
		Debug|ARM = Debug|ARM
		Debug|iPhone = Debug|iPhone
		Debug|iPhoneSimulator = Debug|iPhoneSimulator
		Debug|x64 = Debug|x64
		Debug|x86 = Debug|x86
		Release|Any CPU = Release|Any CPU
		Release|ARM = Release|ARM
		Release|iPhone = Release|iPhone
		Release|iPhoneSimulator = Release|iPhoneSimulator
		Release|x64 = Release|x64
		Release|x86 = Release|x86
	EndGlobalSection
	GlobalSection(ProjectConfigurationPlatforms) = postSolution
		{0FC0E6F6-F4AF-41AC-A0C7-B24563E6836C}.Debug|Any CPU.ActiveCfg = Debug|x86
		{0FC0E6F6-F4AF-41AC-A0C7-B24563E6836C}.Debug|Any CPU.Build.0 = Debug|x86
		{0FC0E6F6-F4AF-41AC-A0C7-B24563E6836C}.Debug|Any CPU.Deploy.0 = Debug|x86
		{0FC0E6F6-F4AF-41AC-A0C7-B24563E6836C}.Debug|ARM.ActiveCfg = Debug|ARM
		{0FC0E6F6-F4AF-41AC-A0C7-B24563E6836C}.Debug|ARM.Build.0 = Debug|ARM
		{0FC0E6F6-F4AF-41AC-A0C7-B24563E6836C}.Debug|ARM.Deploy.0 = Debug|ARM
		{0FC0E6F6-F4AF-41AC-A0C7-B24563E6836C}.Debug|iPhone.ActiveCfg = Debug|x86
		{0FC0E6F6-F4AF-41AC-A0C7-B24563E6836C}.Debug|iPhone.Build.0 = Debug|x86
		{0FC0E6F6-F4AF-41AC-A0C7-B24563E6836C}.Debug|iPhone.Deploy.0 = Debug|x86
		{0FC0E6F6-F4AF-41AC-A0C7-B24563E6836C}.Debug|iPhoneSimulator.ActiveCfg = Debug|x86
		{0FC0E6F6-F4AF-41AC-A0C7-B24563E6836C}.Debug|iPhoneSimulator.Build.0 = Debug|x86
		{0FC0E6F6-F4AF-41AC-A0C7-B24563E6836C}.Debug|iPhoneSimulator.Deploy.0 = Debug|x86
		{0FC0E6F6-F4AF-41AC-A0C7-B24563E6836C}.Debug|x64.ActiveCfg = Debug|x64
		{0FC0E6F6-F4AF-41AC-A0C7-B24563E6836C}.Debug|x64.Build.0 = Debug|x64
		{0FC0E6F6-F4AF-41AC-A0C7-B24563E6836C}.Debug|x64.Deploy.0 = Debug|x64
		{0FC0E6F6-F4AF-41AC-A0C7-B24563E6836C}.Debug|x86.ActiveCfg = Debug|x86
		{0FC0E6F6-F4AF-41AC-A0C7-B24563E6836C}.Debug|x86.Build.0 = Debug|x86
		{0FC0E6F6-F4AF-41AC-A0C7-B24563E6836C}.Debug|x86.Deploy.0 = Debug|x86
		{0FC0E6F6-F4AF-41AC-A0C7-B24563E6836C}.Release|Any CPU.ActiveCfg = Release|x86
		{0FC0E6F6-F4AF-41AC-A0C7-B24563E6836C}.Release|Any CPU.Build.0 = Release|x86
		{0FC0E6F6-F4AF-41AC-A0C7-B24563E6836C}.Release|Any CPU.Deploy.0 = Release|x86
		{0FC0E6F6-F4AF-41AC-A0C7-B24563E6836C}.Release|ARM.ActiveCfg = Release|ARM
		{0FC0E6F6-F4AF-41AC-A0C7-B24563E6836C}.Release|ARM.Build.0 = Release|ARM
		{0FC0E6F6-F4AF-41AC-A0C7-B24563E6836C}.Release|ARM.Deploy.0 = Release|ARM
		{0FC0E6F6-F4AF-41AC-A0C7-B24563E6836C}.Release|iPhone.ActiveCfg = Release|x86
		{0FC0E6F6-F4AF-41AC-A0C7-B24563E6836C}.Release|iPhone.Build.0 = Release|x86
		{0FC0E6F6-F4AF-41AC-A0C7-B24563E6836C}.Release|iPhone.Deploy.0 = Release|x86
		{0FC0E6F6-F4AF-41AC-A0C7-B24563E6836C}.Release|iPhoneSimulator.ActiveCfg = Release|x86
		{0FC0E6F6-F4AF-41AC-A0C7-B24563E6836C}.Release|iPhoneSimulator.Build.0 = Release|x86
		{0FC0E6F6-F4AF-41AC-A0C7-B24563E6836C}.Release|iPhoneSimulator.Deploy.0 = Release|x86
		{0FC0E6F6-F4AF-41AC-A0C7-B24563E6836C}.Release|x64.ActiveCfg = Release|x64
		{0FC0E6F6-F4AF-41AC-A0C7-B24563E6836C}.Release|x64.Build.0 = Release|x64
		{0FC0E6F6-F4AF-41AC-A0C7-B24563E6836C}.Release|x64.Deploy.0 = Release|x64
		{0FC0E6F6-F4AF-41AC-A0C7-B24563E6836C}.Release|x86.ActiveCfg = Release|x86
		{0FC0E6F6-F4AF-41AC-A0C7-B24563E6836C}.Release|x86.Build.0 = Release|x86
		{0FC0E6F6-F4AF-41AC-A0C7-B24563E6836C}.Release|x86.Deploy.0 = Release|x86
		{AD4E47FF-6D69-4A85-A256-F650AACCFC50}.Debug|Any CPU.ActiveCfg = Debug|Any CPU
		{AD4E47FF-6D69-4A85-A256-F650AACCFC50}.Debug|Any CPU.Build.0 = Debug|Any CPU
		{AD4E47FF-6D69-4A85-A256-F650AACCFC50}.Debug|Any CPU.Deploy.0 = Debug|Any CPU
		{AD4E47FF-6D69-4A85-A256-F650AACCFC50}.Debug|ARM.ActiveCfg = Debug|Any CPU
		{AD4E47FF-6D69-4A85-A256-F650AACCFC50}.Debug|ARM.Build.0 = Debug|Any CPU
		{AD4E47FF-6D69-4A85-A256-F650AACCFC50}.Debug|ARM.Deploy.0 = Debug|Any CPU
		{AD4E47FF-6D69-4A85-A256-F650AACCFC50}.Debug|iPhone.ActiveCfg = Debug|Any CPU
		{AD4E47FF-6D69-4A85-A256-F650AACCFC50}.Debug|iPhone.Build.0 = Debug|Any CPU
		{AD4E47FF-6D69-4A85-A256-F650AACCFC50}.Debug|iPhone.Deploy.0 = Debug|Any CPU
		{AD4E47FF-6D69-4A85-A256-F650AACCFC50}.Debug|iPhoneSimulator.ActiveCfg = Debug|Any CPU
		{AD4E47FF-6D69-4A85-A256-F650AACCFC50}.Debug|iPhoneSimulator.Build.0 = Debug|Any CPU
		{AD4E47FF-6D69-4A85-A256-F650AACCFC50}.Debug|iPhoneSimulator.Deploy.0 = Debug|Any CPU
		{AD4E47FF-6D69-4A85-A256-F650AACCFC50}.Debug|x64.ActiveCfg = Debug|Any CPU
		{AD4E47FF-6D69-4A85-A256-F650AACCFC50}.Debug|x64.Build.0 = Debug|Any CPU
		{AD4E47FF-6D69-4A85-A256-F650AACCFC50}.Debug|x64.Deploy.0 = Debug|Any CPU
		{AD4E47FF-6D69-4A85-A256-F650AACCFC50}.Debug|x86.ActiveCfg = Debug|Any CPU
		{AD4E47FF-6D69-4A85-A256-F650AACCFC50}.Debug|x86.Build.0 = Debug|Any CPU
		{AD4E47FF-6D69-4A85-A256-F650AACCFC50}.Debug|x86.Deploy.0 = Debug|Any CPU
		{AD4E47FF-6D69-4A85-A256-F650AACCFC50}.Release|Any CPU.ActiveCfg = Release|Any CPU
		{AD4E47FF-6D69-4A85-A256-F650AACCFC50}.Release|Any CPU.Build.0 = Release|Any CPU
		{AD4E47FF-6D69-4A85-A256-F650AACCFC50}.Release|Any CPU.Deploy.0 = Release|Any CPU
		{AD4E47FF-6D69-4A85-A256-F650AACCFC50}.Release|ARM.ActiveCfg = Release|Any CPU
		{AD4E47FF-6D69-4A85-A256-F650AACCFC50}.Release|ARM.Build.0 = Release|Any CPU
		{AD4E47FF-6D69-4A85-A256-F650AACCFC50}.Release|ARM.Deploy.0 = Release|Any CPU
		{AD4E47FF-6D69-4A85-A256-F650AACCFC50}.Release|iPhone.ActiveCfg = Release|Any CPU
		{AD4E47FF-6D69-4A85-A256-F650AACCFC50}.Release|iPhone.Build.0 = Release|Any CPU
		{AD4E47FF-6D69-4A85-A256-F650AACCFC50}.Release|iPhone.Deploy.0 = Release|Any CPU
		{AD4E47FF-6D69-4A85-A256-F650AACCFC50}.Release|iPhoneSimulator.ActiveCfg = Release|Any CPU
		{AD4E47FF-6D69-4A85-A256-F650AACCFC50}.Release|iPhoneSimulator.Build.0 = Release|Any CPU
		{AD4E47FF-6D69-4A85-A256-F650AACCFC50}.Release|iPhoneSimulator.Deploy.0 = Release|Any CPU
		{AD4E47FF-6D69-4A85-A256-F650AACCFC50}.Release|x64.ActiveCfg = Release|Any CPU
		{AD4E47FF-6D69-4A85-A256-F650AACCFC50}.Release|x64.Build.0 = Release|Any CPU
		{AD4E47FF-6D69-4A85-A256-F650AACCFC50}.Release|x64.Deploy.0 = Release|Any CPU
		{AD4E47FF-6D69-4A85-A256-F650AACCFC50}.Release|x86.ActiveCfg = Release|Any CPU
		{AD4E47FF-6D69-4A85-A256-F650AACCFC50}.Release|x86.Build.0 = Release|Any CPU
		{AD4E47FF-6D69-4A85-A256-F650AACCFC50}.Release|x86.Deploy.0 = Release|Any CPU
		{F17D4F7E-5CDC-4C0B-A4C3-3D2A6C81E9FF}.Debug|Any CPU.ActiveCfg = Debug|iPhone
		{F17D4F7E-5CDC-4C0B-A4C3-3D2A6C81E9FF}.Debug|Any CPU.Build.0 = Debug|iPhone
		{F17D4F7E-5CDC-4C0B-A4C3-3D2A6C81E9FF}.Debug|Any CPU.Deploy.0 = Debug|iPhone
		{F17D4F7E-5CDC-4C0B-A4C3-3D2A6C81E9FF}.Debug|ARM.ActiveCfg = Debug|iPhoneSimulator
		{F17D4F7E-5CDC-4C0B-A4C3-3D2A6C81E9FF}.Debug|ARM.Build.0 = Debug|iPhoneSimulator
		{F17D4F7E-5CDC-4C0B-A4C3-3D2A6C81E9FF}.Debug|ARM.Deploy.0 = Debug|iPhoneSimulator
		{F17D4F7E-5CDC-4C0B-A4C3-3D2A6C81E9FF}.Debug|iPhone.ActiveCfg = Debug|iPhone
		{F17D4F7E-5CDC-4C0B-A4C3-3D2A6C81E9FF}.Debug|iPhone.Build.0 = Debug|iPhone
		{F17D4F7E-5CDC-4C0B-A4C3-3D2A6C81E9FF}.Debug|iPhone.Deploy.0 = Debug|iPhone
		{F17D4F7E-5CDC-4C0B-A4C3-3D2A6C81E9FF}.Debug|iPhoneSimulator.ActiveCfg = Debug|iPhoneSimulator
		{F17D4F7E-5CDC-4C0B-A4C3-3D2A6C81E9FF}.Debug|iPhoneSimulator.Build.0 = Debug|iPhoneSimulator
		{F17D4F7E-5CDC-4C0B-A4C3-3D2A6C81E9FF}.Debug|iPhoneSimulator.Deploy.0 = Debug|iPhoneSimulator
		{F17D4F7E-5CDC-4C0B-A4C3-3D2A6C81E9FF}.Debug|x64.ActiveCfg = Debug|iPhone
		{F17D4F7E-5CDC-4C0B-A4C3-3D2A6C81E9FF}.Debug|x64.Build.0 = Debug|iPhone
		{F17D4F7E-5CDC-4C0B-A4C3-3D2A6C81E9FF}.Debug|x64.Deploy.0 = Debug|iPhone
		{F17D4F7E-5CDC-4C0B-A4C3-3D2A6C81E9FF}.Debug|x86.ActiveCfg = Debug|iPhone
		{F17D4F7E-5CDC-4C0B-A4C3-3D2A6C81E9FF}.Debug|x86.Build.0 = Debug|iPhone
		{F17D4F7E-5CDC-4C0B-A4C3-3D2A6C81E9FF}.Debug|x86.Deploy.0 = Debug|iPhone
		{F17D4F7E-5CDC-4C0B-A4C3-3D2A6C81E9FF}.Release|Any CPU.ActiveCfg = Release|iPhone
		{F17D4F7E-5CDC-4C0B-A4C3-3D2A6C81E9FF}.Release|Any CPU.Build.0 = Release|iPhone
		{F17D4F7E-5CDC-4C0B-A4C3-3D2A6C81E9FF}.Release|Any CPU.Deploy.0 = Release|iPhone
		{F17D4F7E-5CDC-4C0B-A4C3-3D2A6C81E9FF}.Release|ARM.ActiveCfg = Release|iPhone
		{F17D4F7E-5CDC-4C0B-A4C3-3D2A6C81E9FF}.Release|ARM.Build.0 = Release|iPhone
		{F17D4F7E-5CDC-4C0B-A4C3-3D2A6C81E9FF}.Release|ARM.Deploy.0 = Release|iPhone
		{F17D4F7E-5CDC-4C0B-A4C3-3D2A6C81E9FF}.Release|iPhone.ActiveCfg = Release|iPhone
		{F17D4F7E-5CDC-4C0B-A4C3-3D2A6C81E9FF}.Release|iPhone.Build.0 = Release|iPhone
		{F17D4F7E-5CDC-4C0B-A4C3-3D2A6C81E9FF}.Release|iPhone.Deploy.0 = Release|iPhone
		{F17D4F7E-5CDC-4C0B-A4C3-3D2A6C81E9FF}.Release|iPhoneSimulator.ActiveCfg = Release|iPhoneSimulator
		{F17D4F7E-5CDC-4C0B-A4C3-3D2A6C81E9FF}.Release|iPhoneSimulator.Build.0 = Release|iPhoneSimulator
		{F17D4F7E-5CDC-4C0B-A4C3-3D2A6C81E9FF}.Release|iPhoneSimulator.Deploy.0 = Release|iPhoneSimulator
		{F17D4F7E-5CDC-4C0B-A4C3-3D2A6C81E9FF}.Release|x64.ActiveCfg = Release|iPhone
		{F17D4F7E-5CDC-4C0B-A4C3-3D2A6C81E9FF}.Release|x64.Build.0 = Release|iPhone
		{F17D4F7E-5CDC-4C0B-A4C3-3D2A6C81E9FF}.Release|x64.Deploy.0 = Release|iPhone
		{F17D4F7E-5CDC-4C0B-A4C3-3D2A6C81E9FF}.Release|x86.ActiveCfg = Release|iPhone
		{F17D4F7E-5CDC-4C0B-A4C3-3D2A6C81E9FF}.Release|x86.Build.0 = Release|iPhone
		{F17D4F7E-5CDC-4C0B-A4C3-3D2A6C81E9FF}.Release|x86.Deploy.0 = Release|iPhone
		{8897606D-D914-4E6D-AD7B-F4713F356E7C}.Debug|Any CPU.ActiveCfg = Debug|Any CPU
		{8897606D-D914-4E6D-AD7B-F4713F356E7C}.Debug|Any CPU.Build.0 = Debug|Any CPU
		{8897606D-D914-4E6D-AD7B-F4713F356E7C}.Debug|Any CPU.Deploy.0 = Debug|Any CPU
		{8897606D-D914-4E6D-AD7B-F4713F356E7C}.Debug|ARM.ActiveCfg = Debug|Any CPU
		{8897606D-D914-4E6D-AD7B-F4713F356E7C}.Debug|ARM.Build.0 = Debug|Any CPU
		{8897606D-D914-4E6D-AD7B-F4713F356E7C}.Debug|ARM.Deploy.0 = Debug|Any CPU
		{8897606D-D914-4E6D-AD7B-F4713F356E7C}.Debug|iPhone.ActiveCfg = Debug|Any CPU
		{8897606D-D914-4E6D-AD7B-F4713F356E7C}.Debug|iPhone.Build.0 = Debug|Any CPU
		{8897606D-D914-4E6D-AD7B-F4713F356E7C}.Debug|iPhone.Deploy.0 = Debug|Any CPU
		{8897606D-D914-4E6D-AD7B-F4713F356E7C}.Debug|iPhoneSimulator.ActiveCfg = Debug|Any CPU
		{8897606D-D914-4E6D-AD7B-F4713F356E7C}.Debug|iPhoneSimulator.Build.0 = Debug|Any CPU
		{8897606D-D914-4E6D-AD7B-F4713F356E7C}.Debug|iPhoneSimulator.Deploy.0 = Debug|Any CPU
		{8897606D-D914-4E6D-AD7B-F4713F356E7C}.Debug|x64.ActiveCfg = Debug|Any CPU
		{8897606D-D914-4E6D-AD7B-F4713F356E7C}.Debug|x64.Build.0 = Debug|Any CPU
		{8897606D-D914-4E6D-AD7B-F4713F356E7C}.Debug|x64.Deploy.0 = Debug|Any CPU
		{8897606D-D914-4E6D-AD7B-F4713F356E7C}.Debug|x86.ActiveCfg = Debug|Any CPU
		{8897606D-D914-4E6D-AD7B-F4713F356E7C}.Debug|x86.Build.0 = Debug|Any CPU
		{8897606D-D914-4E6D-AD7B-F4713F356E7C}.Debug|x86.Deploy.0 = Debug|Any CPU
		{8897606D-D914-4E6D-AD7B-F4713F356E7C}.Release|Any CPU.ActiveCfg = Release|Any CPU
		{8897606D-D914-4E6D-AD7B-F4713F356E7C}.Release|Any CPU.Build.0 = Release|Any CPU
		{8897606D-D914-4E6D-AD7B-F4713F356E7C}.Release|Any CPU.Deploy.0 = Release|Any CPU
		{8897606D-D914-4E6D-AD7B-F4713F356E7C}.Release|ARM.ActiveCfg = Release|Any CPU
		{8897606D-D914-4E6D-AD7B-F4713F356E7C}.Release|ARM.Build.0 = Release|Any CPU
		{8897606D-D914-4E6D-AD7B-F4713F356E7C}.Release|ARM.Deploy.0 = Release|Any CPU
		{8897606D-D914-4E6D-AD7B-F4713F356E7C}.Release|iPhone.ActiveCfg = Release|Any CPU
		{8897606D-D914-4E6D-AD7B-F4713F356E7C}.Release|iPhone.Build.0 = Release|Any CPU
		{8897606D-D914-4E6D-AD7B-F4713F356E7C}.Release|iPhone.Deploy.0 = Release|Any CPU
		{8897606D-D914-4E6D-AD7B-F4713F356E7C}.Release|iPhoneSimulator.ActiveCfg = Release|Any CPU
		{8897606D-D914-4E6D-AD7B-F4713F356E7C}.Release|iPhoneSimulator.Build.0 = Release|Any CPU
		{8897606D-D914-4E6D-AD7B-F4713F356E7C}.Release|iPhoneSimulator.Deploy.0 = Release|Any CPU
		{8897606D-D914-4E6D-AD7B-F4713F356E7C}.Release|x64.ActiveCfg = Release|Any CPU
		{8897606D-D914-4E6D-AD7B-F4713F356E7C}.Release|x64.Build.0 = Release|Any CPU
		{8897606D-D914-4E6D-AD7B-F4713F356E7C}.Release|x64.Deploy.0 = Release|Any CPU
		{8897606D-D914-4E6D-AD7B-F4713F356E7C}.Release|x86.ActiveCfg = Release|Any CPU
		{8897606D-D914-4E6D-AD7B-F4713F356E7C}.Release|x86.Build.0 = Release|Any CPU
		{8897606D-D914-4E6D-AD7B-F4713F356E7C}.Release|x86.Deploy.0 = Release|Any CPU
	EndGlobalSection
	GlobalSection(SolutionProperties) = preSolution
		HideSolutionNode = FALSE
	EndGlobalSection
	GlobalSection(ExtensibilityGlobals) = postSolution
		SolutionGuid = {2B00FD04-DFBA-4B2C-801B-7964FB3A912F}
	EndGlobalSection
EndGlobal
